// !$*UTF8*$!
{
	archiveVersion = 1;
	classes = {
	};
	objectVersion = 55;
	objects = {

/* Begin PBXBuildFile section */
		280CD48127D3BB13008EFE84 /* PostCell.swift in Sources */ = {isa = PBXBuildFile; fileRef = 280CD48027D3BB13008EFE84 /* PostCell.swift */; };
		2888339727D3A3D40033EA66 /* Profile.storyboard in Resources */ = {isa = PBXBuildFile; fileRef = 2888339627D3A3D40033EA66 /* Profile.storyboard */; };
		2888339927D3A40E0033EA66 /* ProfileViewController.swift in Sources */ = {isa = PBXBuildFile; fileRef = 2888339827D3A40E0033EA66 /* ProfileViewController.swift */; };
		2888339D27D3B39B0033EA66 /* PostDetailsViewController.swift in Sources */ = {isa = PBXBuildFile; fileRef = 2888339C27D3B39B0033EA66 /* PostDetailsViewController.swift */; };
		4C337BCDD7EF7FC7306ED380 /* Pods_EcoThriftTests.framework in Frameworks */ = {isa = PBXBuildFile; fileRef = 44979497E2F855BF4C660FBA /* Pods_EcoThriftTests.framework */; };
		90904FCB10285871485F8A1F /* Pods_EcoThrift_EcoThriftUITests.framework in Frameworks */ = {isa = PBXBuildFile; fileRef = FD33C1559B7D50F337123761 /* Pods_EcoThrift_EcoThriftUITests.framework */; };
		A145E5D827D37D48001DF7EB /* AppDelegate.swift in Sources */ = {isa = PBXBuildFile; fileRef = A145E5D727D37D48001DF7EB /* AppDelegate.swift */; };
		A145E5DA27D37D48001DF7EB /* SceneDelegate.swift in Sources */ = {isa = PBXBuildFile; fileRef = A145E5D927D37D48001DF7EB /* SceneDelegate.swift */; };
		A145E5DC27D37D48001DF7EB /* ViewController.swift in Sources */ = {isa = PBXBuildFile; fileRef = A145E5DB27D37D48001DF7EB /* ViewController.swift */; };
		A145E5DF27D37D48001DF7EB /* Main.storyboard in Resources */ = {isa = PBXBuildFile; fileRef = A145E5DD27D37D48001DF7EB /* Main.storyboard */; };
		A145E5E127D37D4A001DF7EB /* Assets.xcassets in Resources */ = {isa = PBXBuildFile; fileRef = A145E5E027D37D4A001DF7EB /* Assets.xcassets */; };
		A145E5E427D37D4A001DF7EB /* LaunchScreen.storyboard in Resources */ = {isa = PBXBuildFile; fileRef = A145E5E227D37D4A001DF7EB /* LaunchScreen.storyboard */; };
		A145E5EF27D37D4A001DF7EB /* EcoThriftTests.swift in Sources */ = {isa = PBXBuildFile; fileRef = A145E5EE27D37D4A001DF7EB /* EcoThriftTests.swift */; };
		A145E5F927D37D4A001DF7EB /* EcoThriftUITests.swift in Sources */ = {isa = PBXBuildFile; fileRef = A145E5F827D37D4A001DF7EB /* EcoThriftUITests.swift */; };
		A145E5FB27D37D4A001DF7EB /* EcoThriftUITestsLaunchTests.swift in Sources */ = {isa = PBXBuildFile; fileRef = A145E5FA27D37D4A001DF7EB /* EcoThriftUITestsLaunchTests.swift */; };
		A145E60827D380B4001DF7EB /* MarketPlace.storyboard in Resources */ = {isa = PBXBuildFile; fileRef = A145E60727D380B4001DF7EB /* MarketPlace.storyboard */; };
		A1E8866327D421C40013452B /* GoogleService-Info.plist in Resources */ = {isa = PBXBuildFile; fileRef = A1E8866227D421C40013452B /* GoogleService-Info.plist */; };
		A1E8866727D4231E0013452B /* AuthenticationViewController.swift in Sources */ = {isa = PBXBuildFile; fileRef = A1E8866427D4231D0013452B /* AuthenticationViewController.swift */; };
		A1E8866827D4231E0013452B /* SignupViewController.swift in Sources */ = {isa = PBXBuildFile; fileRef = A1E8866527D4231D0013452B /* SignupViewController.swift */; };
		A1E8866927D4231E0013452B /* LoginViewController.swift in Sources */ = {isa = PBXBuildFile; fileRef = A1E8866627D4231D0013452B /* LoginViewController.swift */; };
		A1E8866D27D425320013452B /* InfoCardViewController.swift in Sources */ = {isa = PBXBuildFile; fileRef = A1E8866A27D425320013452B /* InfoCardViewController.swift */; };
		A1E8866F27D425320013452B /* MapViewController.swift in Sources */ = {isa = PBXBuildFile; fileRef = A1E8866C27D425320013452B /* MapViewController.swift */; };
		A1E8867127D425870013452B /* ThriftStore.swift in Sources */ = {isa = PBXBuildFile; fileRef = A1E8867027D425870013452B /* ThriftStore.swift */; };
		A1E8867327D427B30013452B /* Shopping.storyboard in Resources */ = {isa = PBXBuildFile; fileRef = A1E8867227D427B30013452B /* Shopping.storyboard */; };
		A1E8867527D42B4C0013452B /* StoreViewController.swift in Sources */ = {isa = PBXBuildFile; fileRef = A1E8867427D42B4C0013452B /* StoreViewController.swift */; };
		A1E8867727D4353B0013452B /* FeaturedTableViewCell.swift in Sources */ = {isa = PBXBuildFile; fileRef = A1E8867627D4353B0013452B /* FeaturedTableViewCell.swift */; };
		A1E8867927D4381C0013452B /* FilterCollectionViewCell.swift in Sources */ = {isa = PBXBuildFile; fileRef = A1E8867827D4381B0013452B /* FilterCollectionViewCell.swift */; };
		A1E8867B27D43DDE0013452B /* FilterButton.swift in Sources */ = {isa = PBXBuildFile; fileRef = A1E8867A27D43DDE0013452B /* FilterButton.swift */; };
		A1E8867D27D469670013452B /* FeaturedCardCell.swift in Sources */ = {isa = PBXBuildFile; fileRef = A1E8867C27D469670013452B /* FeaturedCardCell.swift */; };
		A1E8867F27D46AA70013452B /* Product.swift in Sources */ = {isa = PBXBuildFile; fileRef = A1E8867E27D46AA70013452B /* Product.swift */; };
		A1E8868927D47B9F0013452B /* FeaturedTableViewCell.xib in Resources */ = {isa = PBXBuildFile; fileRef = A1E8868727D47B9F0013452B /* FeaturedTableViewCell.xib */; };
		A1E8868C27D480E80013452B /* FeaturedCardCell.xib in Resources */ = {isa = PBXBuildFile; fileRef = A1E8868327D474910013452B /* FeaturedCardCell.xib */; };
		EA200928053820606AE0AF99 /* Pods_EcoThrift.framework in Frameworks */ = {isa = PBXBuildFile; fileRef = 83AD174895CF1E9C813C8F4F /* Pods_EcoThrift.framework */; };
/* End PBXBuildFile section */

/* Begin PBXContainerItemProxy section */
		A145E5EB27D37D4A001DF7EB /* PBXContainerItemProxy */ = {
			isa = PBXContainerItemProxy;
			containerPortal = A145E5CC27D37D48001DF7EB /* Project object */;
			proxyType = 1;
			remoteGlobalIDString = A145E5D327D37D48001DF7EB;
			remoteInfo = EcoThrift;
		};
		A145E5F527D37D4A001DF7EB /* PBXContainerItemProxy */ = {
			isa = PBXContainerItemProxy;
			containerPortal = A145E5CC27D37D48001DF7EB /* Project object */;
			proxyType = 1;
			remoteGlobalIDString = A145E5D327D37D48001DF7EB;
			remoteInfo = EcoThrift;
		};
/* End PBXContainerItemProxy section */

/* Begin PBXFileReference section */
		0437BDEBEB80DBCF09F12619 /* Pods-EcoThrift.debug.xcconfig */ = {isa = PBXFileReference; includeInIndex = 1; lastKnownFileType = text.xcconfig; name = "Pods-EcoThrift.debug.xcconfig"; path = "Target Support Files/Pods-EcoThrift/Pods-EcoThrift.debug.xcconfig"; sourceTree = "<group>"; };
		280CD48027D3BB13008EFE84 /* PostCell.swift */ = {isa = PBXFileReference; lastKnownFileType = sourcecode.swift; path = PostCell.swift; sourceTree = "<group>"; };
		2888339627D3A3D40033EA66 /* Profile.storyboard */ = {isa = PBXFileReference; lastKnownFileType = file.storyboard; path = Profile.storyboard; sourceTree = "<group>"; };
		2888339827D3A40E0033EA66 /* ProfileViewController.swift */ = {isa = PBXFileReference; lastKnownFileType = sourcecode.swift; name = ProfileViewController.swift; path = EcoThrift/Controllers/ProfileViewController.swift; sourceTree = SOURCE_ROOT; };
		2888339C27D3B39B0033EA66 /* PostDetailsViewController.swift */ = {isa = PBXFileReference; lastKnownFileType = sourcecode.swift; path = PostDetailsViewController.swift; sourceTree = "<group>"; };
		2A8B1911E79D2EF2D54F0BFC /* Pods-EcoThrift-EcoThriftUITests.debug.xcconfig */ = {isa = PBXFileReference; includeInIndex = 1; lastKnownFileType = text.xcconfig; name = "Pods-EcoThrift-EcoThriftUITests.debug.xcconfig"; path = "Target Support Files/Pods-EcoThrift-EcoThriftUITests/Pods-EcoThrift-EcoThriftUITests.debug.xcconfig"; sourceTree = "<group>"; };
		44979497E2F855BF4C660FBA /* Pods_EcoThriftTests.framework */ = {isa = PBXFileReference; explicitFileType = wrapper.framework; includeInIndex = 0; path = Pods_EcoThriftTests.framework; sourceTree = BUILT_PRODUCTS_DIR; };
		58A7E43A8DE7D24EE9E89548 /* Pods-EcoThriftTests.release.xcconfig */ = {isa = PBXFileReference; includeInIndex = 1; lastKnownFileType = text.xcconfig; name = "Pods-EcoThriftTests.release.xcconfig"; path = "Target Support Files/Pods-EcoThriftTests/Pods-EcoThriftTests.release.xcconfig"; sourceTree = "<group>"; };
		83AD174895CF1E9C813C8F4F /* Pods_EcoThrift.framework */ = {isa = PBXFileReference; explicitFileType = wrapper.framework; includeInIndex = 0; path = Pods_EcoThrift.framework; sourceTree = BUILT_PRODUCTS_DIR; };
		A145E5D427D37D48001DF7EB /* EcoThrift.app */ = {isa = PBXFileReference; explicitFileType = wrapper.application; includeInIndex = 0; path = EcoThrift.app; sourceTree = BUILT_PRODUCTS_DIR; };
		A145E5D727D37D48001DF7EB /* AppDelegate.swift */ = {isa = PBXFileReference; lastKnownFileType = sourcecode.swift; path = AppDelegate.swift; sourceTree = "<group>"; };
		A145E5D927D37D48001DF7EB /* SceneDelegate.swift */ = {isa = PBXFileReference; lastKnownFileType = sourcecode.swift; path = SceneDelegate.swift; sourceTree = "<group>"; };
		A145E5DB27D37D48001DF7EB /* ViewController.swift */ = {isa = PBXFileReference; lastKnownFileType = sourcecode.swift; path = ViewController.swift; sourceTree = "<group>"; };
		A145E5DE27D37D48001DF7EB /* Base */ = {isa = PBXFileReference; lastKnownFileType = file.storyboard; name = Base; path = Base.lproj/Main.storyboard; sourceTree = "<group>"; };
		A145E5E027D37D4A001DF7EB /* Assets.xcassets */ = {isa = PBXFileReference; lastKnownFileType = folder.assetcatalog; path = Assets.xcassets; sourceTree = "<group>"; };
		A145E5E327D37D4A001DF7EB /* Base */ = {isa = PBXFileReference; lastKnownFileType = file.storyboard; name = Base; path = Base.lproj/LaunchScreen.storyboard; sourceTree = "<group>"; };
		A145E5E527D37D4A001DF7EB /* Info.plist */ = {isa = PBXFileReference; lastKnownFileType = text.plist.xml; path = Info.plist; sourceTree = "<group>"; };
		A145E5EA27D37D4A001DF7EB /* EcoThriftTests.xctest */ = {isa = PBXFileReference; explicitFileType = wrapper.cfbundle; includeInIndex = 0; path = EcoThriftTests.xctest; sourceTree = BUILT_PRODUCTS_DIR; };
		A145E5EE27D37D4A001DF7EB /* EcoThriftTests.swift */ = {isa = PBXFileReference; lastKnownFileType = sourcecode.swift; path = EcoThriftTests.swift; sourceTree = "<group>"; };
		A145E5F427D37D4A001DF7EB /* EcoThriftUITests.xctest */ = {isa = PBXFileReference; explicitFileType = wrapper.cfbundle; includeInIndex = 0; path = EcoThriftUITests.xctest; sourceTree = BUILT_PRODUCTS_DIR; };
		A145E5F827D37D4A001DF7EB /* EcoThriftUITests.swift */ = {isa = PBXFileReference; lastKnownFileType = sourcecode.swift; path = EcoThriftUITests.swift; sourceTree = "<group>"; };
		A145E5FA27D37D4A001DF7EB /* EcoThriftUITestsLaunchTests.swift */ = {isa = PBXFileReference; lastKnownFileType = sourcecode.swift; path = EcoThriftUITestsLaunchTests.swift; sourceTree = "<group>"; };
		A145E60727D380B4001DF7EB /* MarketPlace.storyboard */ = {isa = PBXFileReference; lastKnownFileType = file.storyboard; path = MarketPlace.storyboard; sourceTree = "<group>"; };
		A1E8866227D421C40013452B /* GoogleService-Info.plist */ = {isa = PBXFileReference; fileEncoding = 4; lastKnownFileType = text.plist.xml; path = "GoogleService-Info.plist"; sourceTree = "<group>"; };
		A1E8866427D4231D0013452B /* AuthenticationViewController.swift */ = {isa = PBXFileReference; fileEncoding = 4; lastKnownFileType = sourcecode.swift; path = AuthenticationViewController.swift; sourceTree = "<group>"; };
		A1E8866527D4231D0013452B /* SignupViewController.swift */ = {isa = PBXFileReference; fileEncoding = 4; lastKnownFileType = sourcecode.swift; path = SignupViewController.swift; sourceTree = "<group>"; };
		A1E8866627D4231D0013452B /* LoginViewController.swift */ = {isa = PBXFileReference; fileEncoding = 4; lastKnownFileType = sourcecode.swift; path = LoginViewController.swift; sourceTree = "<group>"; };
		A1E8866A27D425320013452B /* InfoCardViewController.swift */ = {isa = PBXFileReference; fileEncoding = 4; lastKnownFileType = sourcecode.swift; path = InfoCardViewController.swift; sourceTree = "<group>"; };
		A1E8866C27D425320013452B /* MapViewController.swift */ = {isa = PBXFileReference; fileEncoding = 4; lastKnownFileType = sourcecode.swift; path = MapViewController.swift; sourceTree = "<group>"; };
		A1E8867027D425870013452B /* ThriftStore.swift */ = {isa = PBXFileReference; fileEncoding = 4; lastKnownFileType = sourcecode.swift; path = ThriftStore.swift; sourceTree = "<group>"; };
		A1E8867227D427B30013452B /* Shopping.storyboard */ = {isa = PBXFileReference; lastKnownFileType = file.storyboard; path = Shopping.storyboard; sourceTree = "<group>"; };
		A1E8867427D42B4C0013452B /* StoreViewController.swift */ = {isa = PBXFileReference; lastKnownFileType = sourcecode.swift; path = StoreViewController.swift; sourceTree = "<group>"; };
		A1E8867627D4353B0013452B /* FeaturedTableViewCell.swift */ = {isa = PBXFileReference; lastKnownFileType = sourcecode.swift; path = FeaturedTableViewCell.swift; sourceTree = "<group>"; };
		A1E8867827D4381B0013452B /* FilterCollectionViewCell.swift */ = {isa = PBXFileReference; lastKnownFileType = sourcecode.swift; path = FilterCollectionViewCell.swift; sourceTree = "<group>"; };
		A1E8867A27D43DDE0013452B /* FilterButton.swift */ = {isa = PBXFileReference; lastKnownFileType = sourcecode.swift; path = FilterButton.swift; sourceTree = "<group>"; };
		A1E8867C27D469670013452B /* FeaturedCardCell.swift */ = {isa = PBXFileReference; lastKnownFileType = sourcecode.swift; path = FeaturedCardCell.swift; sourceTree = "<group>"; };
		A1E8867E27D46AA70013452B /* Product.swift */ = {isa = PBXFileReference; lastKnownFileType = sourcecode.swift; path = Product.swift; sourceTree = "<group>"; };
		A1E8868327D474910013452B /* FeaturedCardCell.xib */ = {isa = PBXFileReference; lastKnownFileType = file.xib; path = FeaturedCardCell.xib; sourceTree = "<group>"; };
		A1E8868727D47B9F0013452B /* FeaturedTableViewCell.xib */ = {isa = PBXFileReference; lastKnownFileType = file.xib; path = FeaturedTableViewCell.xib; sourceTree = "<group>"; };
		C31D0D3958F0CF481AAF3B10 /* Pods-EcoThrift-EcoThriftUITests.release.xcconfig */ = {isa = PBXFileReference; includeInIndex = 1; lastKnownFileType = text.xcconfig; name = "Pods-EcoThrift-EcoThriftUITests.release.xcconfig"; path = "Target Support Files/Pods-EcoThrift-EcoThriftUITests/Pods-EcoThrift-EcoThriftUITests.release.xcconfig"; sourceTree = "<group>"; };
		D33EB07BAC85057CDA362208 /* Pods-EcoThrift.release.xcconfig */ = {isa = PBXFileReference; includeInIndex = 1; lastKnownFileType = text.xcconfig; name = "Pods-EcoThrift.release.xcconfig"; path = "Target Support Files/Pods-EcoThrift/Pods-EcoThrift.release.xcconfig"; sourceTree = "<group>"; };
		EC6D987A9A414032D028F2AF /* Pods-EcoThriftTests.debug.xcconfig */ = {isa = PBXFileReference; includeInIndex = 1; lastKnownFileType = text.xcconfig; name = "Pods-EcoThriftTests.debug.xcconfig"; path = "Target Support Files/Pods-EcoThriftTests/Pods-EcoThriftTests.debug.xcconfig"; sourceTree = "<group>"; };
		FD33C1559B7D50F337123761 /* Pods_EcoThrift_EcoThriftUITests.framework */ = {isa = PBXFileReference; explicitFileType = wrapper.framework; includeInIndex = 0; path = Pods_EcoThrift_EcoThriftUITests.framework; sourceTree = BUILT_PRODUCTS_DIR; };
/* End PBXFileReference section */

/* Begin PBXFrameworksBuildPhase section */
		A145E5D127D37D48001DF7EB /* Frameworks */ = {
			isa = PBXFrameworksBuildPhase;
			buildActionMask = 2147483647;
			files = (
				EA200928053820606AE0AF99 /* Pods_EcoThrift.framework in Frameworks */,
			);
			runOnlyForDeploymentPostprocessing = 0;
		};
		A145E5E727D37D4A001DF7EB /* Frameworks */ = {
			isa = PBXFrameworksBuildPhase;
			buildActionMask = 2147483647;
			files = (
				4C337BCDD7EF7FC7306ED380 /* Pods_EcoThriftTests.framework in Frameworks */,
			);
			runOnlyForDeploymentPostprocessing = 0;
		};
		A145E5F127D37D4A001DF7EB /* Frameworks */ = {
			isa = PBXFrameworksBuildPhase;
			buildActionMask = 2147483647;
			files = (
				90904FCB10285871485F8A1F /* Pods_EcoThrift_EcoThriftUITests.framework in Frameworks */,
			);
			runOnlyForDeploymentPostprocessing = 0;
		};
/* End PBXFrameworksBuildPhase section */

/* Begin PBXGroup section */
		280CD47F27D3BAE7008EFE84 /* Cells */ = {
			isa = PBXGroup;
			children = (
				280CD48027D3BB13008EFE84 /* PostCell.swift */,
			);
			path = Cells;
			sourceTree = "<group>";
		};
		47B7A3B165280B6241CB966A /* Frameworks */ = {
			isa = PBXGroup;
			children = (
				83AD174895CF1E9C813C8F4F /* Pods_EcoThrift.framework */,
				FD33C1559B7D50F337123761 /* Pods_EcoThrift_EcoThriftUITests.framework */,
				44979497E2F855BF4C660FBA /* Pods_EcoThriftTests.framework */,
			);
			name = Frameworks;
			sourceTree = "<group>";
		};
		A145E5CB27D37D48001DF7EB = {
			isa = PBXGroup;
			children = (
				A145E5D627D37D48001DF7EB /* EcoThrift */,
				A145E5ED27D37D4A001DF7EB /* EcoThriftTests */,
				A145E5F727D37D4A001DF7EB /* EcoThriftUITests */,
				A145E5D527D37D48001DF7EB /* Products */,
				D779102E2D491F6C3F7E2A69 /* Pods */,
				47B7A3B165280B6241CB966A /* Frameworks */,
			);
			sourceTree = "<group>";
		};
		A145E5D527D37D48001DF7EB /* Products */ = {
			isa = PBXGroup;
			children = (
				A145E5D427D37D48001DF7EB /* EcoThrift.app */,
				A145E5EA27D37D4A001DF7EB /* EcoThriftTests.xctest */,
				A145E5F427D37D4A001DF7EB /* EcoThriftUITests.xctest */,
			);
			name = Products;
			sourceTree = "<group>";
		};
		A145E5D627D37D48001DF7EB /* EcoThrift */ = {
			isa = PBXGroup;
			children = (
				280CD47F27D3BAE7008EFE84 /* Cells */,
				A145E60E27D384B2001DF7EB /* Delegates */,
				A145E60D27D38476001DF7EB /* Storyboards */,
				A145E60C27D3846E001DF7EB /* Networking */,
				A145E60A27D3845A001DF7EB /* Models */,
				A145E60927D3843D001DF7EB /* Controllers */,
				A145E5E027D37D4A001DF7EB /* Assets.xcassets */,
				A1E8866227D421C40013452B /* GoogleService-Info.plist */,
				A145E5E527D37D4A001DF7EB /* Info.plist */,
			);
			path = EcoThrift;
			sourceTree = "<group>";
		};
		A145E5ED27D37D4A001DF7EB /* EcoThriftTests */ = {
			isa = PBXGroup;
			children = (
				A145E5EE27D37D4A001DF7EB /* EcoThriftTests.swift */,
			);
			path = EcoThriftTests;
			sourceTree = "<group>";
		};
		A145E5F727D37D4A001DF7EB /* EcoThriftUITests */ = {
			isa = PBXGroup;
			children = (
				A145E5F827D37D4A001DF7EB /* EcoThriftUITests.swift */,
				A145E5FA27D37D4A001DF7EB /* EcoThriftUITestsLaunchTests.swift */,
			);
			path = EcoThriftUITests;
			sourceTree = "<group>";
		};
		A145E60927D3843D001DF7EB /* Controllers */ = {
			isa = PBXGroup;
			children = (
				A1E8866427D4231D0013452B /* AuthenticationViewController.swift */,
				A1E8866A27D425320013452B /* InfoCardViewController.swift */,
				A1E8866C27D425320013452B /* MapViewController.swift */,
				A1E8866627D4231D0013452B /* LoginViewController.swift */,
				A1E8866527D4231D0013452B /* SignupViewController.swift */,
				2888339827D3A40E0033EA66 /* ProfileViewController.swift */,
				A145E5DB27D37D48001DF7EB /* ViewController.swift */,
				2888339C27D3B39B0033EA66 /* PostDetailsViewController.swift */,
				A1E8867427D42B4C0013452B /* StoreViewController.swift */,
			);
			path = Controllers;
			sourceTree = "<group>";
		};
		A145E60A27D3845A001DF7EB /* Models */ = {
			isa = PBXGroup;
			children = (
				A1E8867027D425870013452B /* ThriftStore.swift */,
				A1E8867627D4353B0013452B /* FeaturedTableViewCell.swift */,
				A1E8867827D4381B0013452B /* FilterCollectionViewCell.swift */,
				A1E8867A27D43DDE0013452B /* FilterButton.swift */,
				A1E8867C27D469670013452B /* FeaturedCardCell.swift */,
				A1E8867E27D46AA70013452B /* Product.swift */,
			);
			path = Models;
			sourceTree = "<group>";
		};
		A145E60C27D3846E001DF7EB /* Networking */ = {
			isa = PBXGroup;
			children = (
			);
			path = Networking;
			sourceTree = "<group>";
		};
		A145E60D27D38476001DF7EB /* Storyboards */ = {
			isa = PBXGroup;
			children = (
				A145E5DD27D37D48001DF7EB /* Main.storyboard */,
				A145E60727D380B4001DF7EB /* MarketPlace.storyboard */,
				A1E8867227D427B30013452B /* Shopping.storyboard */,
				A145E5E227D37D4A001DF7EB /* LaunchScreen.storyboard */,
				A1E8868727D47B9F0013452B /* FeaturedTableViewCell.xib */,
				A1E8868327D474910013452B /* FeaturedCardCell.xib */,
				2888339627D3A3D40033EA66 /* Profile.storyboard */,
			);
			path = Storyboards;
			sourceTree = "<group>";
		};
		A145E60E27D384B2001DF7EB /* Delegates */ = {
			isa = PBXGroup;
			children = (
				A145E5D727D37D48001DF7EB /* AppDelegate.swift */,
				A145E5D927D37D48001DF7EB /* SceneDelegate.swift */,
			);
			path = Delegates;
			sourceTree = "<group>";
		};
		D779102E2D491F6C3F7E2A69 /* Pods */ = {
			isa = PBXGroup;
			children = (
				0437BDEBEB80DBCF09F12619 /* Pods-EcoThrift.debug.xcconfig */,
				D33EB07BAC85057CDA362208 /* Pods-EcoThrift.release.xcconfig */,
				2A8B1911E79D2EF2D54F0BFC /* Pods-EcoThrift-EcoThriftUITests.debug.xcconfig */,
				C31D0D3958F0CF481AAF3B10 /* Pods-EcoThrift-EcoThriftUITests.release.xcconfig */,
				EC6D987A9A414032D028F2AF /* Pods-EcoThriftTests.debug.xcconfig */,
				58A7E43A8DE7D24EE9E89548 /* Pods-EcoThriftTests.release.xcconfig */,
			);
			path = Pods;
			sourceTree = "<group>";
		};
/* End PBXGroup section */

/* Begin PBXNativeTarget section */
		A145E5D327D37D48001DF7EB /* EcoThrift */ = {
			isa = PBXNativeTarget;
			buildConfigurationList = A145E5FE27D37D4A001DF7EB /* Build configuration list for PBXNativeTarget "EcoThrift" */;
			buildPhases = (
				FFD2EE9B03F0B1FDF33771B8 /* [CP] Check Pods Manifest.lock */,
				A145E5D027D37D48001DF7EB /* Sources */,
				A145E5D127D37D48001DF7EB /* Frameworks */,
				A145E5D227D37D48001DF7EB /* Resources */,
				21734DE836AEFF450DF3B0E0 /* [CP] Embed Pods Frameworks */,
				AD17A748E2B91CE7F1EF84AF /* [CP] Copy Pods Resources */,
			);
			buildRules = (
			);
			dependencies = (
			);
			name = EcoThrift;
			productName = EcoThrift;
			productReference = A145E5D427D37D48001DF7EB /* EcoThrift.app */;
			productType = "com.apple.product-type.application";
		};
		A145E5E927D37D4A001DF7EB /* EcoThriftTests */ = {
			isa = PBXNativeTarget;
			buildConfigurationList = A145E60127D37D4A001DF7EB /* Build configuration list for PBXNativeTarget "EcoThriftTests" */;
			buildPhases = (
				ACF30A152D54446CC645267B /* [CP] Check Pods Manifest.lock */,
				A145E5E627D37D4A001DF7EB /* Sources */,
				A145E5E727D37D4A001DF7EB /* Frameworks */,
				A145E5E827D37D4A001DF7EB /* Resources */,
			);
			buildRules = (
			);
			dependencies = (
				A145E5EC27D37D4A001DF7EB /* PBXTargetDependency */,
			);
			name = EcoThriftTests;
			productName = EcoThriftTests;
			productReference = A145E5EA27D37D4A001DF7EB /* EcoThriftTests.xctest */;
			productType = "com.apple.product-type.bundle.unit-test";
		};
		A145E5F327D37D4A001DF7EB /* EcoThriftUITests */ = {
			isa = PBXNativeTarget;
			buildConfigurationList = A145E60427D37D4A001DF7EB /* Build configuration list for PBXNativeTarget "EcoThriftUITests" */;
			buildPhases = (
				8FBE7266D60163A7F4DF5167 /* [CP] Check Pods Manifest.lock */,
				A145E5F027D37D4A001DF7EB /* Sources */,
				A145E5F127D37D4A001DF7EB /* Frameworks */,
				A145E5F227D37D4A001DF7EB /* Resources */,
				C4A74348E6C54A76AA88218C /* [CP] Embed Pods Frameworks */,
				5B6038CDF041FC6273E9D8C2 /* [CP] Copy Pods Resources */,
			);
			buildRules = (
			);
			dependencies = (
				A145E5F627D37D4A001DF7EB /* PBXTargetDependency */,
			);
			name = EcoThriftUITests;
			productName = EcoThriftUITests;
			productReference = A145E5F427D37D4A001DF7EB /* EcoThriftUITests.xctest */;
			productType = "com.apple.product-type.bundle.ui-testing";
		};
/* End PBXNativeTarget section */

/* Begin PBXProject section */
		A145E5CC27D37D48001DF7EB /* Project object */ = {
			isa = PBXProject;
			attributes = {
				BuildIndependentTargetsInParallel = 1;
				LastSwiftUpdateCheck = 1320;
				LastUpgradeCheck = 1320;
				TargetAttributes = {
					A145E5D327D37D48001DF7EB = {
						CreatedOnToolsVersion = 13.2.1;
					};
					A145E5E927D37D4A001DF7EB = {
						CreatedOnToolsVersion = 13.2.1;
						TestTargetID = A145E5D327D37D48001DF7EB;
					};
					A145E5F327D37D4A001DF7EB = {
						CreatedOnToolsVersion = 13.2.1;
						TestTargetID = A145E5D327D37D48001DF7EB;
					};
				};
			};
			buildConfigurationList = A145E5CF27D37D48001DF7EB /* Build configuration list for PBXProject "EcoThrift" */;
			compatibilityVersion = "Xcode 13.0";
			developmentRegion = en;
			hasScannedForEncodings = 0;
			knownRegions = (
				en,
				Base,
			);
			mainGroup = A145E5CB27D37D48001DF7EB;
			productRefGroup = A145E5D527D37D48001DF7EB /* Products */;
			projectDirPath = "";
			projectRoot = "";
			targets = (
				A145E5D327D37D48001DF7EB /* EcoThrift */,
				A145E5E927D37D4A001DF7EB /* EcoThriftTests */,
				A145E5F327D37D4A001DF7EB /* EcoThriftUITests */,
			);
		};
/* End PBXProject section */

/* Begin PBXResourcesBuildPhase section */
		A145E5D227D37D48001DF7EB /* Resources */ = {
			isa = PBXResourcesBuildPhase;
			buildActionMask = 2147483647;
			files = (
				A1E8868C27D480E80013452B /* FeaturedCardCell.xib in Resources */,
				A1E8868927D47B9F0013452B /* FeaturedTableViewCell.xib in Resources */,
				A145E5E427D37D4A001DF7EB /* LaunchScreen.storyboard in Resources */,
				A145E5E127D37D4A001DF7EB /* Assets.xcassets in Resources */,
				2888339727D3A3D40033EA66 /* Profile.storyboard in Resources */,
				A145E60827D380B4001DF7EB /* MarketPlace.storyboard in Resources */,
				A145E5DF27D37D48001DF7EB /* Main.storyboard in Resources */,
				A1E8866327D421C40013452B /* GoogleService-Info.plist in Resources */,
				A1E8867327D427B30013452B /* Shopping.storyboard in Resources */,
			);
			runOnlyForDeploymentPostprocessing = 0;
		};
		A145E5E827D37D4A001DF7EB /* Resources */ = {
			isa = PBXResourcesBuildPhase;
			buildActionMask = 2147483647;
			files = (
			);
			runOnlyForDeploymentPostprocessing = 0;
		};
		A145E5F227D37D4A001DF7EB /* Resources */ = {
			isa = PBXResourcesBuildPhase;
			buildActionMask = 2147483647;
			files = (
			);
			runOnlyForDeploymentPostprocessing = 0;
		};
/* End PBXResourcesBuildPhase section */

/* Begin PBXShellScriptBuildPhase section */
		21734DE836AEFF450DF3B0E0 /* [CP] Embed Pods Frameworks */ = {
			isa = PBXShellScriptBuildPhase;
			buildActionMask = 2147483647;
			files = (
			);
			inputFileListPaths = (
				"${PODS_ROOT}/Target Support Files/Pods-EcoThrift/Pods-EcoThrift-frameworks-${CONFIGURATION}-input-files.xcfilelist",
			);
			name = "[CP] Embed Pods Frameworks";
			outputFileListPaths = (
				"${PODS_ROOT}/Target Support Files/Pods-EcoThrift/Pods-EcoThrift-frameworks-${CONFIGURATION}-output-files.xcfilelist",
			);
			runOnlyForDeploymentPostprocessing = 0;
			shellPath = /bin/sh;
			shellScript = "\"${PODS_ROOT}/Target Support Files/Pods-EcoThrift/Pods-EcoThrift-frameworks.sh\"\n";
			showEnvVarsInLog = 0;
		};
		5B6038CDF041FC6273E9D8C2 /* [CP] Copy Pods Resources */ = {
			isa = PBXShellScriptBuildPhase;
			buildActionMask = 2147483647;
			files = (
			);
			inputFileListPaths = (
				"${PODS_ROOT}/Target Support Files/Pods-EcoThrift-EcoThriftUITests/Pods-EcoThrift-EcoThriftUITests-resources-${CONFIGURATION}-input-files.xcfilelist",
			);
			name = "[CP] Copy Pods Resources";
			outputFileListPaths = (
				"${PODS_ROOT}/Target Support Files/Pods-EcoThrift-EcoThriftUITests/Pods-EcoThrift-EcoThriftUITests-resources-${CONFIGURATION}-output-files.xcfilelist",
			);
			runOnlyForDeploymentPostprocessing = 0;
			shellPath = /bin/sh;
			shellScript = "\"${PODS_ROOT}/Target Support Files/Pods-EcoThrift-EcoThriftUITests/Pods-EcoThrift-EcoThriftUITests-resources.sh\"\n";
			showEnvVarsInLog = 0;
		};
		8FBE7266D60163A7F4DF5167 /* [CP] Check Pods Manifest.lock */ = {
			isa = PBXShellScriptBuildPhase;
			buildActionMask = 2147483647;
			files = (
			);
			inputFileListPaths = (
			);
			inputPaths = (
				"${PODS_PODFILE_DIR_PATH}/Podfile.lock",
				"${PODS_ROOT}/Manifest.lock",
			);
			name = "[CP] Check Pods Manifest.lock";
			outputFileListPaths = (
			);
			outputPaths = (
				"$(DERIVED_FILE_DIR)/Pods-EcoThrift-EcoThriftUITests-checkManifestLockResult.txt",
			);
			runOnlyForDeploymentPostprocessing = 0;
			shellPath = /bin/sh;
			shellScript = "diff \"${PODS_PODFILE_DIR_PATH}/Podfile.lock\" \"${PODS_ROOT}/Manifest.lock\" > /dev/null\nif [ $? != 0 ] ; then\n    # print error to STDERR\n    echo \"error: The sandbox is not in sync with the Podfile.lock. Run 'pod install' or update your CocoaPods installation.\" >&2\n    exit 1\nfi\n# This output is used by Xcode 'outputs' to avoid re-running this script phase.\necho \"SUCCESS\" > \"${SCRIPT_OUTPUT_FILE_0}\"\n";
			showEnvVarsInLog = 0;
		};
		ACF30A152D54446CC645267B /* [CP] Check Pods Manifest.lock */ = {
			isa = PBXShellScriptBuildPhase;
			buildActionMask = 2147483647;
			files = (
			);
			inputFileListPaths = (
			);
			inputPaths = (
				"${PODS_PODFILE_DIR_PATH}/Podfile.lock",
				"${PODS_ROOT}/Manifest.lock",
			);
			name = "[CP] Check Pods Manifest.lock";
			outputFileListPaths = (
			);
			outputPaths = (
				"$(DERIVED_FILE_DIR)/Pods-EcoThriftTests-checkManifestLockResult.txt",
			);
			runOnlyForDeploymentPostprocessing = 0;
			shellPath = /bin/sh;
			shellScript = "diff \"${PODS_PODFILE_DIR_PATH}/Podfile.lock\" \"${PODS_ROOT}/Manifest.lock\" > /dev/null\nif [ $? != 0 ] ; then\n    # print error to STDERR\n    echo \"error: The sandbox is not in sync with the Podfile.lock. Run 'pod install' or update your CocoaPods installation.\" >&2\n    exit 1\nfi\n# This output is used by Xcode 'outputs' to avoid re-running this script phase.\necho \"SUCCESS\" > \"${SCRIPT_OUTPUT_FILE_0}\"\n";
			showEnvVarsInLog = 0;
		};
		AD17A748E2B91CE7F1EF84AF /* [CP] Copy Pods Resources */ = {
			isa = PBXShellScriptBuildPhase;
			buildActionMask = 2147483647;
			files = (
			);
			inputFileListPaths = (
				"${PODS_ROOT}/Target Support Files/Pods-EcoThrift/Pods-EcoThrift-resources-${CONFIGURATION}-input-files.xcfilelist",
			);
			name = "[CP] Copy Pods Resources";
			outputFileListPaths = (
				"${PODS_ROOT}/Target Support Files/Pods-EcoThrift/Pods-EcoThrift-resources-${CONFIGURATION}-output-files.xcfilelist",
			);
			runOnlyForDeploymentPostprocessing = 0;
			shellPath = /bin/sh;
			shellScript = "\"${PODS_ROOT}/Target Support Files/Pods-EcoThrift/Pods-EcoThrift-resources.sh\"\n";
			showEnvVarsInLog = 0;
		};
		C4A74348E6C54A76AA88218C /* [CP] Embed Pods Frameworks */ = {
			isa = PBXShellScriptBuildPhase;
			buildActionMask = 2147483647;
			files = (
			);
			inputFileListPaths = (
				"${PODS_ROOT}/Target Support Files/Pods-EcoThrift-EcoThriftUITests/Pods-EcoThrift-EcoThriftUITests-frameworks-${CONFIGURATION}-input-files.xcfilelist",
			);
			name = "[CP] Embed Pods Frameworks";
			outputFileListPaths = (
				"${PODS_ROOT}/Target Support Files/Pods-EcoThrift-EcoThriftUITests/Pods-EcoThrift-EcoThriftUITests-frameworks-${CONFIGURATION}-output-files.xcfilelist",
			);
			runOnlyForDeploymentPostprocessing = 0;
			shellPath = /bin/sh;
			shellScript = "\"${PODS_ROOT}/Target Support Files/Pods-EcoThrift-EcoThriftUITests/Pods-EcoThrift-EcoThriftUITests-frameworks.sh\"\n";
			showEnvVarsInLog = 0;
		};
		FFD2EE9B03F0B1FDF33771B8 /* [CP] Check Pods Manifest.lock */ = {
			isa = PBXShellScriptBuildPhase;
			buildActionMask = 2147483647;
			files = (
			);
			inputFileListPaths = (
			);
			inputPaths = (
				"${PODS_PODFILE_DIR_PATH}/Podfile.lock",
				"${PODS_ROOT}/Manifest.lock",
			);
			name = "[CP] Check Pods Manifest.lock";
			outputFileListPaths = (
			);
			outputPaths = (
				"$(DERIVED_FILE_DIR)/Pods-EcoThrift-checkManifestLockResult.txt",
			);
			runOnlyForDeploymentPostprocessing = 0;
			shellPath = /bin/sh;
			shellScript = "diff \"${PODS_PODFILE_DIR_PATH}/Podfile.lock\" \"${PODS_ROOT}/Manifest.lock\" > /dev/null\nif [ $? != 0 ] ; then\n    # print error to STDERR\n    echo \"error: The sandbox is not in sync with the Podfile.lock. Run 'pod install' or update your CocoaPods installation.\" >&2\n    exit 1\nfi\n# This output is used by Xcode 'outputs' to avoid re-running this script phase.\necho \"SUCCESS\" > \"${SCRIPT_OUTPUT_FILE_0}\"\n";
			showEnvVarsInLog = 0;
		};
/* End PBXShellScriptBuildPhase section */

/* Begin PBXSourcesBuildPhase section */
		A145E5D027D37D48001DF7EB /* Sources */ = {
			isa = PBXSourcesBuildPhase;
			buildActionMask = 2147483647;
			files = (
				A1E8866927D4231E0013452B /* LoginViewController.swift in Sources */,
				A145E5DC27D37D48001DF7EB /* ViewController.swift in Sources */,
				A1E8867127D425870013452B /* ThriftStore.swift in Sources */,
				A1E8866D27D425320013452B /* InfoCardViewController.swift in Sources */,
				A145E5D827D37D48001DF7EB /* AppDelegate.swift in Sources */,
				A1E8867727D4353B0013452B /* FeaturedTableViewCell.swift in Sources */,
				A1E8866827D4231E0013452B /* SignupViewController.swift in Sources */,
				A1E8867527D42B4C0013452B /* StoreViewController.swift in Sources */,
				2888339927D3A40E0033EA66 /* ProfileViewController.swift in Sources */,
				A1E8866F27D425320013452B /* MapViewController.swift in Sources */,
				A1E8867D27D469670013452B /* FeaturedCardCell.swift in Sources */,
				A1E8867F27D46AA70013452B /* Product.swift in Sources */,
				A1E8867927D4381C0013452B /* FilterCollectionViewCell.swift in Sources */,
				A1E8866727D4231E0013452B /* AuthenticationViewController.swift in Sources */,
				A145E5DA27D37D48001DF7EB /* SceneDelegate.swift in Sources */,
				2888339D27D3B39B0033EA66 /* PostDetailsViewController.swift in Sources */,
				280CD48127D3BB13008EFE84 /* PostCell.swift in Sources */,
				A1E8867B27D43DDE0013452B /* FilterButton.swift in Sources */,
			);
			runOnlyForDeploymentPostprocessing = 0;
		};
		A145E5E627D37D4A001DF7EB /* Sources */ = {
			isa = PBXSourcesBuildPhase;
			buildActionMask = 2147483647;
			files = (
				A145E5EF27D37D4A001DF7EB /* EcoThriftTests.swift in Sources */,
			);
			runOnlyForDeploymentPostprocessing = 0;
		};
		A145E5F027D37D4A001DF7EB /* Sources */ = {
			isa = PBXSourcesBuildPhase;
			buildActionMask = 2147483647;
			files = (
				A145E5F927D37D4A001DF7EB /* EcoThriftUITests.swift in Sources */,
				A145E5FB27D37D4A001DF7EB /* EcoThriftUITestsLaunchTests.swift in Sources */,
			);
			runOnlyForDeploymentPostprocessing = 0;
		};
/* End PBXSourcesBuildPhase section */

/* Begin PBXTargetDependency section */
		A145E5EC27D37D4A001DF7EB /* PBXTargetDependency */ = {
			isa = PBXTargetDependency;
			target = A145E5D327D37D48001DF7EB /* EcoThrift */;
			targetProxy = A145E5EB27D37D4A001DF7EB /* PBXContainerItemProxy */;
		};
		A145E5F627D37D4A001DF7EB /* PBXTargetDependency */ = {
			isa = PBXTargetDependency;
			target = A145E5D327D37D48001DF7EB /* EcoThrift */;
			targetProxy = A145E5F527D37D4A001DF7EB /* PBXContainerItemProxy */;
		};
/* End PBXTargetDependency section */

/* Begin PBXVariantGroup section */
		A145E5DD27D37D48001DF7EB /* Main.storyboard */ = {
			isa = PBXVariantGroup;
			children = (
				A145E5DE27D37D48001DF7EB /* Base */,
			);
			name = Main.storyboard;
			sourceTree = "<group>";
		};
		A145E5E227D37D4A001DF7EB /* LaunchScreen.storyboard */ = {
			isa = PBXVariantGroup;
			children = (
				A145E5E327D37D4A001DF7EB /* Base */,
			);
			name = LaunchScreen.storyboard;
			sourceTree = "<group>";
		};
/* End PBXVariantGroup section */

/* Begin XCBuildConfiguration section */
		A145E5FC27D37D4A001DF7EB /* Debug */ = {
			isa = XCBuildConfiguration;
			buildSettings = {
				ALWAYS_SEARCH_USER_PATHS = NO;
				CLANG_ANALYZER_NONNULL = YES;
				CLANG_ANALYZER_NUMBER_OBJECT_CONVERSION = YES_AGGRESSIVE;
				CLANG_CXX_LANGUAGE_STANDARD = "gnu++17";
				CLANG_CXX_LIBRARY = "libc++";
				CLANG_ENABLE_MODULES = YES;
				CLANG_ENABLE_OBJC_ARC = YES;
				CLANG_ENABLE_OBJC_WEAK = YES;
				CLANG_WARN_BLOCK_CAPTURE_AUTORELEASING = YES;
				CLANG_WARN_BOOL_CONVERSION = YES;
				CLANG_WARN_COMMA = YES;
				CLANG_WARN_CONSTANT_CONVERSION = YES;
				CLANG_WARN_DEPRECATED_OBJC_IMPLEMENTATIONS = YES;
				CLANG_WARN_DIRECT_OBJC_ISA_USAGE = YES_ERROR;
				CLANG_WARN_DOCUMENTATION_COMMENTS = YES;
				CLANG_WARN_EMPTY_BODY = YES;
				CLANG_WARN_ENUM_CONVERSION = YES;
				CLANG_WARN_INFINITE_RECURSION = YES;
				CLANG_WARN_INT_CONVERSION = YES;
				CLANG_WARN_NON_LITERAL_NULL_CONVERSION = YES;
				CLANG_WARN_OBJC_IMPLICIT_RETAIN_SELF = YES;
				CLANG_WARN_OBJC_LITERAL_CONVERSION = YES;
				CLANG_WARN_OBJC_ROOT_CLASS = YES_ERROR;
				CLANG_WARN_QUOTED_INCLUDE_IN_FRAMEWORK_HEADER = YES;
				CLANG_WARN_RANGE_LOOP_ANALYSIS = YES;
				CLANG_WARN_STRICT_PROTOTYPES = YES;
				CLANG_WARN_SUSPICIOUS_MOVE = YES;
				CLANG_WARN_UNGUARDED_AVAILABILITY = YES_AGGRESSIVE;
				CLANG_WARN_UNREACHABLE_CODE = YES;
				CLANG_WARN__DUPLICATE_METHOD_MATCH = YES;
				COPY_PHASE_STRIP = NO;
				DEBUG_INFORMATION_FORMAT = dwarf;
				ENABLE_STRICT_OBJC_MSGSEND = YES;
				ENABLE_TESTABILITY = YES;
				GCC_C_LANGUAGE_STANDARD = gnu11;
				GCC_DYNAMIC_NO_PIC = NO;
				GCC_NO_COMMON_BLOCKS = YES;
				GCC_OPTIMIZATION_LEVEL = 0;
				GCC_PREPROCESSOR_DEFINITIONS = (
					"DEBUG=1",
					"$(inherited)",
				);
				GCC_WARN_64_TO_32_BIT_CONVERSION = YES;
				GCC_WARN_ABOUT_RETURN_TYPE = YES_ERROR;
				GCC_WARN_UNDECLARED_SELECTOR = YES;
				GCC_WARN_UNINITIALIZED_AUTOS = YES_AGGRESSIVE;
				GCC_WARN_UNUSED_FUNCTION = YES;
				GCC_WARN_UNUSED_VARIABLE = YES;
				IPHONEOS_DEPLOYMENT_TARGET = 15.2;
				MTL_ENABLE_DEBUG_INFO = INCLUDE_SOURCE;
				MTL_FAST_MATH = YES;
				ONLY_ACTIVE_ARCH = YES;
				SDKROOT = iphoneos;
				SWIFT_ACTIVE_COMPILATION_CONDITIONS = DEBUG;
				SWIFT_OPTIMIZATION_LEVEL = "-Onone";
			};
			name = Debug;
		};
		A145E5FD27D37D4A001DF7EB /* Release */ = {
			isa = XCBuildConfiguration;
			buildSettings = {
				ALWAYS_SEARCH_USER_PATHS = NO;
				CLANG_ANALYZER_NONNULL = YES;
				CLANG_ANALYZER_NUMBER_OBJECT_CONVERSION = YES_AGGRESSIVE;
				CLANG_CXX_LANGUAGE_STANDARD = "gnu++17";
				CLANG_CXX_LIBRARY = "libc++";
				CLANG_ENABLE_MODULES = YES;
				CLANG_ENABLE_OBJC_ARC = YES;
				CLANG_ENABLE_OBJC_WEAK = YES;
				CLANG_WARN_BLOCK_CAPTURE_AUTORELEASING = YES;
				CLANG_WARN_BOOL_CONVERSION = YES;
				CLANG_WARN_COMMA = YES;
				CLANG_WARN_CONSTANT_CONVERSION = YES;
				CLANG_WARN_DEPRECATED_OBJC_IMPLEMENTATIONS = YES;
				CLANG_WARN_DIRECT_OBJC_ISA_USAGE = YES_ERROR;
				CLANG_WARN_DOCUMENTATION_COMMENTS = YES;
				CLANG_WARN_EMPTY_BODY = YES;
				CLANG_WARN_ENUM_CONVERSION = YES;
				CLANG_WARN_INFINITE_RECURSION = YES;
				CLANG_WARN_INT_CONVERSION = YES;
				CLANG_WARN_NON_LITERAL_NULL_CONVERSION = YES;
				CLANG_WARN_OBJC_IMPLICIT_RETAIN_SELF = YES;
				CLANG_WARN_OBJC_LITERAL_CONVERSION = YES;
				CLANG_WARN_OBJC_ROOT_CLASS = YES_ERROR;
				CLANG_WARN_QUOTED_INCLUDE_IN_FRAMEWORK_HEADER = YES;
				CLANG_WARN_RANGE_LOOP_ANALYSIS = YES;
				CLANG_WARN_STRICT_PROTOTYPES = YES;
				CLANG_WARN_SUSPICIOUS_MOVE = YES;
				CLANG_WARN_UNGUARDED_AVAILABILITY = YES_AGGRESSIVE;
				CLANG_WARN_UNREACHABLE_CODE = YES;
				CLANG_WARN__DUPLICATE_METHOD_MATCH = YES;
				COPY_PHASE_STRIP = NO;
				DEBUG_INFORMATION_FORMAT = "dwarf-with-dsym";
				ENABLE_NS_ASSERTIONS = NO;
				ENABLE_STRICT_OBJC_MSGSEND = YES;
				GCC_C_LANGUAGE_STANDARD = gnu11;
				GCC_NO_COMMON_BLOCKS = YES;
				GCC_WARN_64_TO_32_BIT_CONVERSION = YES;
				GCC_WARN_ABOUT_RETURN_TYPE = YES_ERROR;
				GCC_WARN_UNDECLARED_SELECTOR = YES;
				GCC_WARN_UNINITIALIZED_AUTOS = YES_AGGRESSIVE;
				GCC_WARN_UNUSED_FUNCTION = YES;
				GCC_WARN_UNUSED_VARIABLE = YES;
				IPHONEOS_DEPLOYMENT_TARGET = 15.2;
				MTL_ENABLE_DEBUG_INFO = NO;
				MTL_FAST_MATH = YES;
				SDKROOT = iphoneos;
				SWIFT_COMPILATION_MODE = wholemodule;
				SWIFT_OPTIMIZATION_LEVEL = "-O";
				VALIDATE_PRODUCT = YES;
			};
			name = Release;
		};
		A145E5FF27D37D4A001DF7EB /* Debug */ = {
			isa = XCBuildConfiguration;
			baseConfigurationReference = 0437BDEBEB80DBCF09F12619 /* Pods-EcoThrift.debug.xcconfig */;
			buildSettings = {
				ASSETCATALOG_COMPILER_APPICON_NAME = AppIcon;
				ASSETCATALOG_COMPILER_GLOBAL_ACCENT_COLOR_NAME = AccentColor;
				CODE_SIGN_STYLE = Automatic;
				CURRENT_PROJECT_VERSION = 1;
				GENERATE_INFOPLIST_FILE = YES;
				INFOPLIST_FILE = EcoThrift/Info.plist;
				INFOPLIST_KEY_UIApplicationSupportsIndirectInputEvents = YES;
				INFOPLIST_KEY_UILaunchStoryboardName = LaunchScreen;
				INFOPLIST_KEY_UIMainStoryboardFile = Main;
				INFOPLIST_KEY_UISupportedInterfaceOrientations_iPad = "UIInterfaceOrientationPortrait UIInterfaceOrientationPortraitUpsideDown UIInterfaceOrientationLandscapeLeft UIInterfaceOrientationLandscapeRight";
				INFOPLIST_KEY_UISupportedInterfaceOrientations_iPhone = "UIInterfaceOrientationPortrait UIInterfaceOrientationLandscapeLeft UIInterfaceOrientationLandscapeRight";
				LD_RUNPATH_SEARCH_PATHS = (
					"$(inherited)",
					"@executable_path/Frameworks",
				);
				MARKETING_VERSION = 1.0;
				PRODUCT_BUNDLE_IDENTIFIER = JAM.EcoThrift;
				PRODUCT_NAME = "$(TARGET_NAME)";
				SWIFT_EMIT_LOC_STRINGS = YES;
				SWIFT_VERSION = 5.0;
				TARGETED_DEVICE_FAMILY = "1,2";
			};
			name = Debug;
		};
		A145E60027D37D4A001DF7EB /* Release */ = {
			isa = XCBuildConfiguration;
			baseConfigurationReference = D33EB07BAC85057CDA362208 /* Pods-EcoThrift.release.xcconfig */;
			buildSettings = {
				ASSETCATALOG_COMPILER_APPICON_NAME = AppIcon;
				ASSETCATALOG_COMPILER_GLOBAL_ACCENT_COLOR_NAME = AccentColor;
				CODE_SIGN_STYLE = Automatic;
				CURRENT_PROJECT_VERSION = 1;
				GENERATE_INFOPLIST_FILE = YES;
				INFOPLIST_FILE = EcoThrift/Info.plist;
				INFOPLIST_KEY_UIApplicationSupportsIndirectInputEvents = YES;
				INFOPLIST_KEY_UILaunchStoryboardName = LaunchScreen;
				INFOPLIST_KEY_UIMainStoryboardFile = Main;
				INFOPLIST_KEY_UISupportedInterfaceOrientations_iPad = "UIInterfaceOrientationPortrait UIInterfaceOrientationPortraitUpsideDown UIInterfaceOrientationLandscapeLeft UIInterfaceOrientationLandscapeRight";
				INFOPLIST_KEY_UISupportedInterfaceOrientations_iPhone = "UIInterfaceOrientationPortrait UIInterfaceOrientationLandscapeLeft UIInterfaceOrientationLandscapeRight";
				LD_RUNPATH_SEARCH_PATHS = (
					"$(inherited)",
					"@executable_path/Frameworks",
				);
				MARKETING_VERSION = 1.0;
				PRODUCT_BUNDLE_IDENTIFIER = JAM.EcoThrift;
				PRODUCT_NAME = "$(TARGET_NAME)";
				SWIFT_EMIT_LOC_STRINGS = YES;
				SWIFT_VERSION = 5.0;
				TARGETED_DEVICE_FAMILY = "1,2";
			};
			name = Release;
		};
		A145E60227D37D4A001DF7EB /* Debug */ = {
			isa = XCBuildConfiguration;
			baseConfigurationReference = EC6D987A9A414032D028F2AF /* Pods-EcoThriftTests.debug.xcconfig */;
			buildSettings = {
				ALWAYS_EMBED_SWIFT_STANDARD_LIBRARIES = YES;
				BUNDLE_LOADER = "$(TEST_HOST)";
				CODE_SIGN_STYLE = Automatic;
				CURRENT_PROJECT_VERSION = 1;
				GENERATE_INFOPLIST_FILE = YES;
				IPHONEOS_DEPLOYMENT_TARGET = 15.2;
				MARKETING_VERSION = 1.0;
				PRODUCT_BUNDLE_IDENTIFIER = JAM.EcoThriftTests;
				PRODUCT_NAME = "$(TARGET_NAME)";
				SWIFT_EMIT_LOC_STRINGS = NO;
				SWIFT_VERSION = 5.0;
				TARGETED_DEVICE_FAMILY = "1,2";
				TEST_HOST = "$(BUILT_PRODUCTS_DIR)/EcoThrift.app/EcoThrift";
			};
			name = Debug;
		};
		A145E60327D37D4A001DF7EB /* Release */ = {
			isa = XCBuildConfiguration;
			baseConfigurationReference = 58A7E43A8DE7D24EE9E89548 /* Pods-EcoThriftTests.release.xcconfig */;
			buildSettings = {
				ALWAYS_EMBED_SWIFT_STANDARD_LIBRARIES = YES;
				BUNDLE_LOADER = "$(TEST_HOST)";
				CODE_SIGN_STYLE = Automatic;
				CURRENT_PROJECT_VERSION = 1;
				GENERATE_INFOPLIST_FILE = YES;
				IPHONEOS_DEPLOYMENT_TARGET = 15.2;
				MARKETING_VERSION = 1.0;
				PRODUCT_BUNDLE_IDENTIFIER = JAM.EcoThriftTests;
				PRODUCT_NAME = "$(TARGET_NAME)";
				SWIFT_EMIT_LOC_STRINGS = NO;
				SWIFT_VERSION = 5.0;
				TARGETED_DEVICE_FAMILY = "1,2";
				TEST_HOST = "$(BUILT_PRODUCTS_DIR)/EcoThrift.app/EcoThrift";
			};
			name = Release;
		};
		A145E60527D37D4A001DF7EB /* Debug */ = {
			isa = XCBuildConfiguration;
			baseConfigurationReference = 2A8B1911E79D2EF2D54F0BFC /* Pods-EcoThrift-EcoThriftUITests.debug.xcconfig */;
			buildSettings = {
				ALWAYS_EMBED_SWIFT_STANDARD_LIBRARIES = YES;
				CODE_SIGN_STYLE = Automatic;
				CURRENT_PROJECT_VERSION = 1;
				GENERATE_INFOPLIST_FILE = YES;
				MARKETING_VERSION = 1.0;
				PRODUCT_BUNDLE_IDENTIFIER = JAM.EcoThriftUITests;
				PRODUCT_NAME = "$(TARGET_NAME)";
				SWIFT_EMIT_LOC_STRINGS = NO;
				SWIFT_VERSION = 5.0;
				TARGETED_DEVICE_FAMILY = "1,2";
				TEST_TARGET_NAME = EcoThrift;
			};
			name = Debug;
		};
		A145E60627D37D4A001DF7EB /* Release */ = {
			isa = XCBuildConfiguration;
			baseConfigurationReference = C31D0D3958F0CF481AAF3B10 /* Pods-EcoThrift-EcoThriftUITests.release.xcconfig */;
			buildSettings = {
				ALWAYS_EMBED_SWIFT_STANDARD_LIBRARIES = YES;
				CODE_SIGN_STYLE = Automatic;
				CURRENT_PROJECT_VERSION = 1;
				GENERATE_INFOPLIST_FILE = YES;
				MARKETING_VERSION = 1.0;
				PRODUCT_BUNDLE_IDENTIFIER = JAM.EcoThriftUITests;
				PRODUCT_NAME = "$(TARGET_NAME)";
				SWIFT_EMIT_LOC_STRINGS = NO;
				SWIFT_VERSION = 5.0;
				TARGETED_DEVICE_FAMILY = "1,2";
				TEST_TARGET_NAME = EcoThrift;
			};
			name = Release;
		};
/* End XCBuildConfiguration section */

/* Begin XCConfigurationList section */
		A145E5CF27D37D48001DF7EB /* Build configuration list for PBXProject "EcoThrift" */ = {
			isa = XCConfigurationList;
			buildConfigurations = (
				A145E5FC27D37D4A001DF7EB /* Debug */,
				A145E5FD27D37D4A001DF7EB /* Release */,
			);
			defaultConfigurationIsVisible = 0;
			defaultConfigurationName = Release;
		};
		A145E5FE27D37D4A001DF7EB /* Build configuration list for PBXNativeTarget "EcoThrift" */ = {
			isa = XCConfigurationList;
			buildConfigurations = (
				A145E5FF27D37D4A001DF7EB /* Debug */,
				A145E60027D37D4A001DF7EB /* Release */,
			);
			defaultConfigurationIsVisible = 0;
			defaultConfigurationName = Release;
		};
		A145E60127D37D4A001DF7EB /* Build configuration list for PBXNativeTarget "EcoThriftTests" */ = {
			isa = XCConfigurationList;
			buildConfigurations = (
				A145E60227D37D4A001DF7EB /* Debug */,
				A145E60327D37D4A001DF7EB /* Release */,
			);
			defaultConfigurationIsVisible = 0;
			defaultConfigurationName = Release;
		};
		A145E60427D37D4A001DF7EB /* Build configuration list for PBXNativeTarget "EcoThriftUITests" */ = {
			isa = XCConfigurationList;
			buildConfigurations = (
				A145E60527D37D4A001DF7EB /* Debug */,
				A145E60627D37D4A001DF7EB /* Release */,
			);
			defaultConfigurationIsVisible = 0;
			defaultConfigurationName = Release;
		};
/* End XCConfigurationList section */
	};
	rootObject = A145E5CC27D37D48001DF7EB /* Project object */;
}
